<?xml version="1.0" encoding="utf-8"?>
<Project ToolsVersion="4.0" xmlns="http://schemas.microsoft.com/developer/msbuild/2003">
  <ItemGroup>
    <Filter Include="src">
      <UniqueIdentifier>{376169ab-c85a-4e68-ba45-cc53b928a359}</UniqueIdentifier>
    </Filter>
    <Filter Include="src\LibSpotifyIf">
      <UniqueIdentifier>{668d6e83-94f5-4e46-84a3-f31083f6b971}</UniqueIdentifier>
    </Filter>
    <Filter Include="src\Platform">
      <UniqueIdentifier>{ad0ef0f1-f440-4c74-8028-854b8e0bbaf7}</UniqueIdentifier>
    </Filter>
    <Filter Include="src\Platform\Socket">
      <UniqueIdentifier>{91bfc4e9-0f26-427d-8a80-5a251108abc1}</UniqueIdentifier>
    </Filter>
    <Filter Include="src\Platform\Threads">
      <UniqueIdentifier>{4f844612-184e-4891-a889-d09d55c8f202}</UniqueIdentifier>
    </Filter>
    <Filter Include="src\Platform\Socket\Windows">
      <UniqueIdentifier>{d2b722b9-0505-456a-a761-cfd4ee528fcd}</UniqueIdentifier>
    </Filter>
    <Filter Include="src\ClientHandler">
      <UniqueIdentifier>{c8f3d234-a776-406e-b843-ffa03aa018e1}</UniqueIdentifier>
    </Filter>
    <Filter Include="src\MessageFactory">
      <UniqueIdentifier>{9025f689-1141-4de8-be69-d9b6ef86643d}</UniqueIdentifier>
    </Filter>
    <Filter Include="src\Logger">
      <UniqueIdentifier>{77fe15a3-4c7e-4cd6-bd78-7862dcbe60e6}</UniqueIdentifier>
    </Filter>
    <Filter Include="src\Platform\AudioEndpoints">
      <UniqueIdentifier>{4363e9f1-acf2-4298-b27f-9d3e6e769068}</UniqueIdentifier>
    </Filter>
    <Filter Include="src\Platform\AudioEndpoints\Endpoints">
      <UniqueIdentifier>{7500731e-4cdf-4dcd-8a65-9b3e503d9f1e}</UniqueIdentifier>
    </Filter>
    <Filter Include="src\ConfigHandling">
      <UniqueIdentifier>{9d01b979-6be5-4cc1-92e1-565c3811b2bb}</UniqueIdentifier>
    </Filter>
    <Filter Include="src\ConfigHandling\Configs">
      <UniqueIdentifier>{899e430d-eb9a-4efa-92e8-73efc7a93da6}</UniqueIdentifier>
    </Filter>
    <Filter Include="src\Platform\Threads\Windows">
      <UniqueIdentifier>{0896fe80-9cf7-4540-8ce1-48c7f0907f52}</UniqueIdentifier>
    </Filter>
    <Filter Include="src\Utils">
      <UniqueIdentifier>{89aaacc4-634c-41bf-8490-747cff709cc9}</UniqueIdentifier>
    </Filter>
    <Filter Include="src\Platform\Utils">
      <UniqueIdentifier>{b140e4df-ac65-440a-8fe0-19daecf4dc06}</UniqueIdentifier>
    </Filter>
    <Filter Include="src\Platform\Utils\Windows">
      <UniqueIdentifier>{bd65e842-a9d2-46a9-a398-9dccd8a3bfb3}</UniqueIdentifier>
    </Filter>
    <Filter Include="src\SocketHandling">
      <UniqueIdentifier>{48b2ae8b-a08a-408e-bca1-f5c665e72c66}</UniqueIdentifier>
    </Filter>
    <Filter Include="src\MediaContainers">
      <UniqueIdentifier>{9e08b6bc-2518-4724-b7f5-a72f1e7126b1}</UniqueIdentifier>
    </Filter>
    <Filter Include="src\MediaInterface">
      <UniqueIdentifier>{974186fd-132c-4ab4-b969-c3b224c84548}</UniqueIdentifier>
    </Filter>
  </ItemGroup>
  <ItemGroup>
    <ClInclude Include="..\src\LibSpotifyIf\LibSpotifyIf.h">
      <Filter>src\LibSpotifyIf</Filter>
    </ClInclude>
    <ClInclude Include="..\src\LibSpotifyIf\LibSpotifyIfCallbackWrapper.h">
      <Filter>src\LibSpotifyIf</Filter>
    </ClInclude>
    <ClInclude Include="..\common\Platform\Socket\Socket.h">
      <Filter>src\Platform\Socket</Filter>
    </ClInclude>
    <ClInclude Include="..\common\Platform\Threads\Condition.h">
      <Filter>src\Platform\Threads</Filter>
    </ClInclude>
    <ClInclude Include="..\common\Platform\Threads\Mutex.h">
      <Filter>src\Platform\Threads</Filter>
    </ClInclude>
    <ClInclude Include="..\common\Platform\Socket\Windows\WindowsSocket.h">
      <Filter>src\Platform\Socket\Windows</Filter>
    </ClInclude>
    <ClInclude Include="..\src\ClientHandler\Client.h">
      <Filter>src\ClientHandler</Filter>
    </ClInclude>
    <ClInclude Include="..\src\ClientHandler\ClientHandler.h">
      <Filter>src\ClientHandler</Filter>
    </ClInclude>
    <ClInclude Include="..\src\LibSpotifyIf\ILibSpotifyIfCallbackSubscriber.h">
      <Filter>src\LibSpotifyIf</Filter>
    </ClInclude>
    <ClInclude Include="..\src\LibSpotifyIf\LibSpotifyIfHelpers.h">
      <Filter>src\LibSpotifyIf</Filter>
    </ClInclude>
    <ClInclude Include="..\src\LibSpotifyIf\LibSpotifyPlaybackHandler.h">
      <Filter>src\LibSpotifyIf</Filter>
    </ClInclude>
    <ClInclude Include="..\common\MessageFactory\Message.h">
      <Filter>src\MessageFactory</Filter>
    </ClInclude>
    <ClInclude Include="..\common\MessageFactory\MessageDecoder.h">
      <Filter>src\MessageFactory</Filter>
    </ClInclude>
    <ClInclude Include="..\common\MessageFactory\MessageEncoder.h">
      <Filter>src\MessageFactory</Filter>
    </ClInclude>
    <ClInclude Include="..\common\MessageFactory\TlvDefinitions.h">
      <Filter>src\MessageFactory</Filter>
    </ClInclude>
    <ClInclude Include="..\common\MessageFactory\Tlvs.h">
      <Filter>src\MessageFactory</Filter>
    </ClInclude>
    <ClInclude Include="..\common\Platform\AudioEndpoints\AudioEndpoint.h">
      <Filter>src\Platform\AudioEndpoints</Filter>
    </ClInclude>
    <ClInclude Include="..\common\Platform\AudioEndpoints\AudioFifo.h">
      <Filter>src\Platform\AudioEndpoints</Filter>
    </ClInclude>
    <ClInclude Include="..\common\Platform\Threads\Runnable.h">
      <Filter>src\Platform\Threads</Filter>
    </ClInclude>
    <ClInclude Include="..\src\ConfigHandling\ConfigHandler.h">
      <Filter>src\ConfigHandling</Filter>
    </ClInclude>
    <ClInclude Include="..\src\ConfigHandling\ConfigParser.h">
      <Filter>src\ConfigHandling</Filter>
    </ClInclude>
    <ClInclude Include="..\common\Platform\Threads\Windows\WindowsMutexPimpl.h">
      <Filter>src\Platform\Threads\Windows</Filter>
    </ClInclude>
    <ClInclude Include="..\common\MessageFactory\SocketReader.h">
      <Filter>src\MessageFactory</Filter>
    </ClInclude>
    <ClInclude Include="..\src\Utils\CircularQueue.h">
      <Filter>src\Utils</Filter>
    </ClInclude>
    <ClInclude Include="..\src\Utils\FixedQueue.h">
      <Filter>src\Utils</Filter>
    </ClInclude>
    <ClInclude Include="..\common\MessageFactory\SocketWriter.h">
      <Filter>src\MessageFactory</Filter>
    </ClInclude>
    <ClInclude Include="..\common\Platform\AudioEndpoints\AudioEndpointLocal.h">
      <Filter>src\Platform\AudioEndpoints</Filter>
    </ClInclude>
    <ClInclude Include="..\common\Platform\AudioEndpoints\AudioEndpointRemote.h">
      <Filter>src\Platform\AudioEndpoints</Filter>
    </ClInclude>
    <ClInclude Include="..\common\SocketHandling\SocketClient.h">
      <Filter>src\SocketHandling</Filter>
    </ClInclude>
    <ClInclude Include="..\common\SocketHandling\Messenger.h">
      <Filter>src\SocketHandling</Filter>
    </ClInclude>
    <ClInclude Include="..\common\SocketHandling\SocketServer.h">
      <Filter>src\SocketHandling</Filter>
    </ClInclude>
    <ClInclude Include="..\common\SocketHandling\SocketPeer.h">
      <Filter>src\SocketHandling</Filter>
    </ClInclude>
    <ClInclude Include="..\common\Logger\applog.h">
      <Filter>src\Logger</Filter>
    </ClInclude>
    <ClInclude Include="..\common\Logger\LogLevels.h">
      <Filter>src\Logger</Filter>
    </ClInclude>
    <ClInclude Include="..\common\Platform\Utils\Utils.h">
      <Filter>src\Platform\Utils</Filter>
    </ClInclude>
    <ClInclude Include="..\common\Logger\Logger.h">
      <Filter>src\Logger</Filter>
    </ClInclude>
    <ClInclude Include="..\common\MediaContainers\Album.h">
      <Filter>src\MediaContainers</Filter>
    </ClInclude>
    <ClInclude Include="..\common\MediaContainers\Artist.h">
      <Filter>src\MediaContainers</Filter>
    </ClInclude>
    <ClInclude Include="..\common\MediaContainers\Folder.h">
      <Filter>src\MediaContainers</Filter>
    </ClInclude>
    <ClInclude Include="..\common\MediaContainers\Playlist.h">
      <Filter>src\MediaContainers</Filter>
    </ClInclude>
    <ClInclude Include="..\common\MediaContainers\Track.h">
      <Filter>src\MediaContainers</Filter>
    </ClInclude>
    <ClInclude Include="..\common\MediaInterface\MediaInterface.h">
      <Filter>src\MediaInterface</Filter>
    </ClInclude>
  </ItemGroup>
  <ItemGroup>
    <ClCompile Include="..\src\spotifyserver.cpp">
      <Filter>src</Filter>
    </ClCompile>
    <ClCompile Include="..\src\LibSpotifyIf\LibSpotifyIf.cpp">
      <Filter>src\LibSpotifyIf</Filter>
    </ClCompile>
    <ClCompile Include="..\src\LibSpotifyIf\LibSpotifyIfCallbackWrapper.cpp">
      <Filter>src\LibSpotifyIf</Filter>
    </ClCompile>
    <ClCompile Include="..\common\MediaContainers\Folder.cpp">
      <Filter>src\MediaContainers</Filter>
    </ClCompile>
    <ClCompile Include="..\common\MediaContainers\Playlist.cpp">
      <Filter>src\MediaContainers</Filter>
    </ClCompile>
    <ClCompile Include="..\common\MediaContainers\Track.cpp">
      <Filter>src\MediaContainers</Filter>
    </ClCompile>
    <ClCompile Include="..\common\Platform\Socket\Windows\WindowsSocket.cpp">
      <Filter>src\Platform\Socket\Windows</Filter>
    </ClCompile>
    <ClCompile Include="..\src\ClientHandler\Client.cpp">
      <Filter>src\ClientHandler</Filter>
    </ClCompile>
    <ClCompile Include="..\src\ClientHandler\ClientHandler.cpp">
      <Filter>src\ClientHandler</Filter>
    </ClCompile>
    <ClCompile Include="..\common\MediaContainers\Artist.cpp">
      <Filter>src\MediaContainers</Filter>
    </ClCompile>
    <ClCompile Include="..\src\LibSpotifyIf\LibSpotifyIfHelpers.cpp">
      <Filter>src\LibSpotifyIf</Filter>
    </ClCompile>
    <ClCompile Include="..\src\LibSpotifyIf\LibSpotifyPlaybackHandler.cpp">
      <Filter>src\LibSpotifyIf</Filter>
    </ClCompile>
    <ClCompile Include="..\common\MessageFactory\Message.cpp">
      <Filter>src\MessageFactory</Filter>
    </ClCompile>
    <ClCompile Include="..\common\MessageFactory\MessageDecoder.cpp">
      <Filter>src\MessageFactory</Filter>
    </ClCompile>
    <ClCompile Include="..\common\MessageFactory\MessageEncoder.cpp">
      <Filter>src\MessageFactory</Filter>
    </ClCompile>
    <ClCompile Include="..\common\MessageFactory\TlvDefinitions.cpp">
      <Filter>src\MessageFactory</Filter>
    </ClCompile>
    <ClCompile Include="..\common\MessageFactory\Tlvs.cpp">
      <Filter>src\MessageFactory</Filter>
    </ClCompile>
    <ClCompile Include="..\common\Logger\Logger.cpp">
      <Filter>src\Logger</Filter>
    </ClCompile>
    <ClCompile Include="..\common\Platform\AudioEndpoints\AudioFifo.cpp">
      <Filter>src\Platform\AudioEndpoints</Filter>
    </ClCompile>
    <ClCompile Include="..\src\ConfigHandling\ConfigHandler.cpp">
      <Filter>src\ConfigHandling</Filter>
    </ClCompile>
    <ClCompile Include="..\src\ConfigHandling\ConfigParser.cpp">
      <Filter>src\ConfigHandling</Filter>
    </ClCompile>
    <ClCompile Include="..\src\ConfigHandling\Configs\AudioEndpointConfig.cpp">
      <Filter>src\ConfigHandling\Configs</Filter>
    </ClCompile>
    <ClCompile Include="..\src\ConfigHandling\Configs\LoggerConfig.cpp">
      <Filter>src\ConfigHandling\Configs</Filter>
    </ClCompile>
    <ClCompile Include="..\src\ConfigHandling\Configs\NetworkConfig.cpp">
      <Filter>src\ConfigHandling\Configs</Filter>
    </ClCompile>
    <ClCompile Include="..\src\ConfigHandling\Configs\SpotifyConfig.cpp">
      <Filter>src\ConfigHandling\Configs</Filter>
    </ClCompile>
    <ClCompile Include="..\common\Platform\Threads\Windows\WindowsCondition.cpp">
      <Filter>src\Platform\Threads\Windows</Filter>
    </ClCompile>
    <ClCompile Include="..\common\Platform\Threads\Windows\WindowsMutex.cpp">
      <Filter>src\Platform\Threads\Windows</Filter>
    </ClCompile>
    <ClCompile Include="..\common\Platform\Threads\Windows\WindowsRunnable.cpp">
      <Filter>src\Platform\Threads\Windows</Filter>
    </ClCompile>
    <ClCompile Include="..\..\spotifyserver_deps\appkey.c">
      <Filter>src</Filter>
    </ClCompile>
    <ClCompile Include="..\common\MessageFactory\SocketReader.cpp">
      <Filter>src\MessageFactory</Filter>
    </ClCompile>
    <ClCompile Include="..\common\Platform\AudioEndpoints\Endpoints\AudioEndpoint-OpenAL.cpp">
      <Filter>src\Platform\AudioEndpoints\Endpoints</Filter>
    </ClCompile>
    <ClCompile Include="..\common\Platform\Utils\Windows\WindowsUtils.cpp">
      <Filter>src\Platform\Utils\Windows</Filter>
    </ClCompile>
    <ClCompile Include="..\common\MessageFactory\SocketWriter.cpp">
      <Filter>src\MessageFactory</Filter>
    </ClCompile>
    <ClCompile Include="..\common\MediaContainers\Album.cpp">
      <Filter>src\MediaContainers</Filter>
    </ClCompile>
    <ClCompile Include="..\common\Platform\Threads\Windows\WindowsMessagebox.cpp">
      <Filter>src\Platform\Threads\Windows</Filter>
    </ClCompile>
    <ClCompile Include="..\common\Platform\AudioEndpoints\AudioEndpointRemote.cpp">
      <Filter>src\Platform\AudioEndpoints</Filter>
    </ClCompile>
    <ClCompile Include="..\common\SocketHandling\SocketClient.cpp">
      <Filter>src\SocketHandling</Filter>
    </ClCompile>
    <ClCompile Include="..\common\SocketHandling\Messenger.cpp">
      <Filter>src\SocketHandling</Filter>
    </ClCompile>
    <ClCompile Include="..\common\SocketHandling\SocketPeer.cpp">
      <Filter>src\SocketHandling</Filter>
    </ClCompile>
    <ClCompile Include="..\common\SocketHandling\SocketServer.cpp">
      <Filter>src\SocketHandling</Filter>
    </ClCompile>
    <ClCompile Include="..\common\MediaInterface\MediaInterface.cpp">
      <Filter>src\MediaInterface</Filter>
    </ClCompile>
  </ItemGroup>
</Project>